
Microsoft Visual Studio Solution File, Format Version 12.00
# Visual Studio 15
VisualStudioVersion = 15.0.27004.2005
MinimumVisualStudioVersion = 10.0.40219.1
Project("{FAE04EC0-301F-11D3-BF4B-00C04F79EFBC}") = "Colegio", "Colegio\Colegio.csproj", "{86CC8272-83DA-44F3-B7A7-B44146F539BE}"
EndProject
Global
	GlobalSection(SolutionConfigurationPlatforms) = preSolution
		Debug|Any CPU = Debug|Any CPU
		Release|Any CPU = Release|Any CPU
	EndGlobalSection
	GlobalSection(ProjectConfigurationPlatforms) = postSolution
		{86CC8272-83DA-44F3-B7A7-B44146F539BE}.Debug|Any CPU.ActiveCfg = Debug|Any CPU
		{86CC8272-83DA-44F3-B7A7-B44146F539BE}.Debug|Any CPU.Build.0 = Debug|Any CPU
		{86CC8272-83DA-44F3-B7A7-B44146F539BE}.Release|Any CPU.ActiveCfg = Release|Any CPU
		{86CC8272-83DA-44F3-B7A7-B44146F539BE}.Release|Any CPU.Build.0 = Release|Any CPU
	EndGlobalSection
	GlobalSection(SolutionProperties) = preSolution
		HideSolutionNode = FALSE
	EndGlobalSection
	GlobalSection(ExtensibilityGlobals) = postSolution
		SolutionGuid = {846AC87B-E776-4692-A638-14F68E97E0E7}
	EndGlobalSection
EndGlobal
